// !$*UTF8*$!
{
	archiveVersion = 1;
	classes = {
	};
	objectVersion = 46;
	objects = {

/* Begin PBXBuildFile section */
		7D03525021201B7800F75747 /* LoginViewExample.swift in Sources */ = {isa = PBXBuildFile; fileRef = 7D03524F21201B7800F75747 /* LoginViewExample.swift */; };
		7D0352522120219800F75747 /* TableViewExample.swift in Sources */ = {isa = PBXBuildFile; fileRef = 7D0352512120219800F75747 /* TableViewExample.swift */; };
		7D03525421202E5800F75747 /* CenterExample.swift in Sources */ = {isa = PBXBuildFile; fileRef = 7D03525321202E5800F75747 /* CenterExample.swift */; };
		7D41563C1DC45BF4006A2DC7 /* Arrange.h in Headers */ = {isa = PBXBuildFile; fileRef = 7D41563A1DC45BF4006A2DC7 /* Arrange.h */; settings = {ATTRIBUTES = (Public, ); }; };
		7D4156431DC45C54006A2DC7 /* Arrangement.swift in Sources */ = {isa = PBXBuildFile; fileRef = 7D4156421DC45C54006A2DC7 /* Arrangement.swift */; };
		7DC20546211F465D00CD2F3B /* Arrange.framework in Frameworks */ = {isa = PBXBuildFile; fileRef = 7D4156371DC45BF4006A2DC7 /* Arrange.framework */; };
		7DC83BD6210E1BC700853447 /* AppDelegate.swift in Sources */ = {isa = PBXBuildFile; fileRef = 7DC83BD5210E1BC700853447 /* AppDelegate.swift */; };
		7DC83BD8210E1BC800853447 /* MainViewController.swift in Sources */ = {isa = PBXBuildFile; fileRef = 7DC83BD7210E1BC800853447 /* MainViewController.swift */; };
		7DC83BDD210E1BC800853447 /* Assets.xcassets in Resources */ = {isa = PBXBuildFile; fileRef = 7DC83BDC210E1BC800853447 /* Assets.xcassets */; };
		7DC83BE0210E1BC800853447 /* LaunchScreen.storyboard in Resources */ = {isa = PBXBuildFile; fileRef = 7DC83BDE210E1BC800853447 /* LaunchScreen.storyboard */; };
		7DF520F51DC46BBC004BC4DD /* ArrangeTests.swift in Sources */ = {isa = PBXBuildFile; fileRef = 7DF520F41DC46BBC004BC4DD /* ArrangeTests.swift */; };
		7DF520F71DC46BBC004BC4DD /* Arrange.framework in Frameworks */ = {isa = PBXBuildFile; fileRef = 7D4156371DC45BF4006A2DC7 /* Arrange.framework */; };
		7DFDF2E22120A7E400FEACD6 /* ProgrammaticView.swift in Sources */ = {isa = PBXBuildFile; fileRef = 7DFDF2E12120A7E400FEACD6 /* ProgrammaticView.swift */; };
		7DFDF2E42120A8BD00FEACD6 /* SingleViewLayout.swift in Sources */ = {isa = PBXBuildFile; fileRef = 7DFDF2E32120A8BD00FEACD6 /* SingleViewLayout.swift */; };
		7DFDF2E62120A8DF00FEACD6 /* ViewOrGuide.swift in Sources */ = {isa = PBXBuildFile; fileRef = 7DFDF2E52120A8DF00FEACD6 /* ViewOrGuide.swift */; };
/* End PBXBuildFile section */

/* Begin PBXContainerItemProxy section */
		7DF520F81DC46BBC004BC4DD /* PBXContainerItemProxy */ = {
			isa = PBXContainerItemProxy;
			containerPortal = 7D41562E1DC45BF4006A2DC7 /* Project object */;
			proxyType = 1;
			remoteGlobalIDString = 7D4156361DC45BF4006A2DC7;
			remoteInfo = Arrange;
		};
/* End PBXContainerItemProxy section */

/* Begin PBXFileReference section */
		7D03524F21201B7800F75747 /* LoginViewExample.swift */ = {isa = PBXFileReference; lastKnownFileType = sourcecode.swift; path = LoginViewExample.swift; sourceTree = "<group>"; };
		7D0352512120219800F75747 /* TableViewExample.swift */ = {isa = PBXFileReference; lastKnownFileType = sourcecode.swift; path = TableViewExample.swift; sourceTree = "<group>"; };
		7D03525321202E5800F75747 /* CenterExample.swift */ = {isa = PBXFileReference; lastKnownFileType = sourcecode.swift; path = CenterExample.swift; sourceTree = "<group>"; };
		7D4156371DC45BF4006A2DC7 /* Arrange.framework */ = {isa = PBXFileReference; explicitFileType = wrapper.framework; includeInIndex = 0; path = Arrange.framework; sourceTree = BUILT_PRODUCTS_DIR; };
		7D41563A1DC45BF4006A2DC7 /* Arrange.h */ = {isa = PBXFileReference; lastKnownFileType = sourcecode.c.h; path = Arrange.h; sourceTree = "<group>"; };
		7D41563B1DC45BF4006A2DC7 /* Info.plist */ = {isa = PBXFileReference; lastKnownFileType = text.plist.xml; path = Info.plist; sourceTree = "<group>"; };
		7D4156421DC45C54006A2DC7 /* Arrangement.swift */ = {isa = PBXFileReference; fileEncoding = 4; lastKnownFileType = sourcecode.swift; path = Arrangement.swift; sourceTree = "<group>"; };
		7DC83BD3210E1BC700853447 /* App.app */ = {isa = PBXFileReference; explicitFileType = wrapper.application; includeInIndex = 0; path = App.app; sourceTree = BUILT_PRODUCTS_DIR; };
		7DC83BD5210E1BC700853447 /* AppDelegate.swift */ = {isa = PBXFileReference; lastKnownFileType = sourcecode.swift; path = AppDelegate.swift; sourceTree = "<group>"; };
		7DC83BD7210E1BC800853447 /* MainViewController.swift */ = {isa = PBXFileReference; lastKnownFileType = sourcecode.swift; path = MainViewController.swift; sourceTree = "<group>"; };
		7DC83BDC210E1BC800853447 /* Assets.xcassets */ = {isa = PBXFileReference; lastKnownFileType = folder.assetcatalog; path = Assets.xcassets; sourceTree = "<group>"; };
		7DC83BDF210E1BC800853447 /* Base */ = {isa = PBXFileReference; lastKnownFileType = file.storyboard; name = Base; path = Base.lproj/LaunchScreen.storyboard; sourceTree = "<group>"; };
		7DC83BE1210E1BC800853447 /* Info.plist */ = {isa = PBXFileReference; lastKnownFileType = text.plist.xml; path = Info.plist; sourceTree = "<group>"; };
		7DCDACFE1DC45F2400D9FDC6 /* ArrangePlayground.playground */ = {isa = PBXFileReference; lastKnownFileType = file.playground; path = ArrangePlayground.playground; sourceTree = "<group>"; xcLanguageSpecificationIdentifier = xcode.lang.swift; };
		7DF520F21DC46BBC004BC4DD /* ArrangeTests.xctest */ = {isa = PBXFileReference; explicitFileType = wrapper.cfbundle; includeInIndex = 0; path = ArrangeTests.xctest; sourceTree = BUILT_PRODUCTS_DIR; };
		7DF520F41DC46BBC004BC4DD /* ArrangeTests.swift */ = {isa = PBXFileReference; lastKnownFileType = sourcecode.swift; path = ArrangeTests.swift; sourceTree = "<group>"; };
		7DF520F61DC46BBC004BC4DD /* Info.plist */ = {isa = PBXFileReference; lastKnownFileType = text.plist.xml; path = Info.plist; sourceTree = "<group>"; };
		7DFDF2E12120A7E400FEACD6 /* ProgrammaticView.swift */ = {isa = PBXFileReference; lastKnownFileType = sourcecode.swift; path = ProgrammaticView.swift; sourceTree = "<group>"; };
		7DFDF2E32120A8BD00FEACD6 /* SingleViewLayout.swift */ = {isa = PBXFileReference; lastKnownFileType = sourcecode.swift; path = SingleViewLayout.swift; sourceTree = "<group>"; };
		7DFDF2E52120A8DF00FEACD6 /* ViewOrGuide.swift */ = {isa = PBXFileReference; lastKnownFileType = sourcecode.swift; path = ViewOrGuide.swift; sourceTree = "<group>"; };
/* End PBXFileReference section */

/* Begin PBXFrameworksBuildPhase section */
		7D4156331DC45BF4006A2DC7 /* Frameworks */ = {
			isa = PBXFrameworksBuildPhase;
			buildActionMask = 2147483647;
			files = (
			);
			runOnlyForDeploymentPostprocessing = 0;
		};
		7DC83BD0210E1BC700853447 /* Frameworks */ = {
			isa = PBXFrameworksBuildPhase;
			buildActionMask = 2147483647;
			files = (
				7DC20546211F465D00CD2F3B /* Arrange.framework in Frameworks */,
			);
			runOnlyForDeploymentPostprocessing = 0;
		};
		7DF520EF1DC46BBC004BC4DD /* Frameworks */ = {
			isa = PBXFrameworksBuildPhase;
			buildActionMask = 2147483647;
			files = (
				7DF520F71DC46BBC004BC4DD /* Arrange.framework in Frameworks */,
			);
			runOnlyForDeploymentPostprocessing = 0;
		};
/* End PBXFrameworksBuildPhase section */

/* Begin PBXGroup section */
		7D03524E21201B6C00F75747 /* Examples */ = {
			isa = PBXGroup;
			children = (
				7D03524F21201B7800F75747 /* LoginViewExample.swift */,
				7D0352512120219800F75747 /* TableViewExample.swift */,
				7D03525321202E5800F75747 /* CenterExample.swift */,
			);
			path = Examples;
			sourceTree = "<group>";
		};
		7D41562D1DC45BF4006A2DC7 = {
			isa = PBXGroup;
			children = (
				7DCDACFE1DC45F2400D9FDC6 /* ArrangePlayground.playground */,
				7D4156391DC45BF4006A2DC7 /* Arrange */,
				7DF520F31DC46BBC004BC4DD /* ArrangeTests */,
				7DC83BD4210E1BC700853447 /* App */,
				7D4156381DC45BF4006A2DC7 /* Products */,
				7DC20545211F465D00CD2F3B /* Frameworks */,
			);
			sourceTree = "<group>";
		};
		7D4156381DC45BF4006A2DC7 /* Products */ = {
			isa = PBXGroup;
			children = (
				7D4156371DC45BF4006A2DC7 /* Arrange.framework */,
				7DF520F21DC46BBC004BC4DD /* ArrangeTests.xctest */,
				7DC83BD3210E1BC700853447 /* App.app */,
			);
			name = Products;
			sourceTree = "<group>";
		};
		7D4156391DC45BF4006A2DC7 /* Arrange */ = {
			isa = PBXGroup;
			children = (
				7D41563A1DC45BF4006A2DC7 /* Arrange.h */,
				7D41563B1DC45BF4006A2DC7 /* Info.plist */,
				7D4156421DC45C54006A2DC7 /* Arrangement.swift */,
				7DFDF2E12120A7E400FEACD6 /* ProgrammaticView.swift */,
				7DFDF2E32120A8BD00FEACD6 /* SingleViewLayout.swift */,
				7DFDF2E52120A8DF00FEACD6 /* ViewOrGuide.swift */,
			);
			path = Arrange;
			sourceTree = "<group>";
		};
		7DC20545211F465D00CD2F3B /* Frameworks */ = {
			isa = PBXGroup;
			children = (
			);
			name = Frameworks;
			sourceTree = "<group>";
		};
		7DC83BD4210E1BC700853447 /* App */ = {
			isa = PBXGroup;
			children = (
				7D03524E21201B6C00F75747 /* Examples */,
				7DC83BD5210E1BC700853447 /* AppDelegate.swift */,
				7DC83BD7210E1BC800853447 /* MainViewController.swift */,
				7DC83BDC210E1BC800853447 /* Assets.xcassets */,
				7DC83BDE210E1BC800853447 /* LaunchScreen.storyboard */,
				7DC83BE1210E1BC800853447 /* Info.plist */,
			);
			path = App;
			sourceTree = "<group>";
		};
		7DF520F31DC46BBC004BC4DD /* ArrangeTests */ = {
			isa = PBXGroup;
			children = (
				7DF520F41DC46BBC004BC4DD /* ArrangeTests.swift */,
				7DF520F61DC46BBC004BC4DD /* Info.plist */,
			);
			path = ArrangeTests;
			sourceTree = "<group>";
		};
/* End PBXGroup section */

/* Begin PBXHeadersBuildPhase section */
		7D4156341DC45BF4006A2DC7 /* Headers */ = {
			isa = PBXHeadersBuildPhase;
			buildActionMask = 2147483647;
			files = (
				7D41563C1DC45BF4006A2DC7 /* Arrange.h in Headers */,
			);
			runOnlyForDeploymentPostprocessing = 0;
		};
/* End PBXHeadersBuildPhase section */

/* Begin PBXNativeTarget section */
		7D4156361DC45BF4006A2DC7 /* Arrange */ = {
			isa = PBXNativeTarget;
			buildConfigurationList = 7D41563F1DC45BF4006A2DC7 /* Build configuration list for PBXNativeTarget "Arrange" */;
			buildPhases = (
				7D4156321DC45BF4006A2DC7 /* Sources */,
				7D4156331DC45BF4006A2DC7 /* Frameworks */,
				7D4156341DC45BF4006A2DC7 /* Headers */,
				7D4156351DC45BF4006A2DC7 /* Resources */,
			);
			buildRules = (
			);
			dependencies = (
			);
			name = Arrange;
			productName = Arrange;
			productReference = 7D4156371DC45BF4006A2DC7 /* Arrange.framework */;
			productType = "com.apple.product-type.framework";
		};
		7DC83BD2210E1BC700853447 /* App */ = {
			isa = PBXNativeTarget;
			buildConfigurationList = 7DC83BE4210E1BC800853447 /* Build configuration list for PBXNativeTarget "App" */;
			buildPhases = (
				7DC83BCF210E1BC700853447 /* Sources */,
				7DC83BD0210E1BC700853447 /* Frameworks */,
				7DC83BD1210E1BC700853447 /* Resources */,
			);
			buildRules = (
			);
			dependencies = (
			);
			name = App;
			productName = App;
			productReference = 7DC83BD3210E1BC700853447 /* App.app */;
			productType = "com.apple.product-type.application";
		};
		7DF520F11DC46BBC004BC4DD /* ArrangeTests */ = {
			isa = PBXNativeTarget;
			buildConfigurationList = 7DF520FC1DC46BBC004BC4DD /* Build configuration list for PBXNativeTarget "ArrangeTests" */;
			buildPhases = (
				7DF520EE1DC46BBC004BC4DD /* Sources */,
				7DF520EF1DC46BBC004BC4DD /* Frameworks */,
				7DF520F01DC46BBC004BC4DD /* Resources */,
			);
			buildRules = (
			);
			dependencies = (
				7DF520F91DC46BBC004BC4DD /* PBXTargetDependency */,
			);
			name = ArrangeTests;
			productName = ArrangeTests;
			productReference = 7DF520F21DC46BBC004BC4DD /* ArrangeTests.xctest */;
			productType = "com.apple.product-type.bundle.unit-test";
		};
/* End PBXNativeTarget section */

/* Begin PBXProject section */
		7D41562E1DC45BF4006A2DC7 /* Project object */ = {
			isa = PBXProject;
			attributes = {
				LastSwiftUpdateCheck = 0920;
				LastUpgradeCheck = 0920;
				ORGANIZATIONNAME = szotp;
				TargetAttributes = {
					7D4156361DC45BF4006A2DC7 = {
						CreatedOnToolsVersion = 8.0;
						LastSwiftMigration = 0920;
						ProvisioningStyle = Automatic;
					};
					7DC83BD2210E1BC700853447 = {
						CreatedOnToolsVersion = 9.2;
						ProvisioningStyle = Automatic;
					};
					7DF520F11DC46BBC004BC4DD = {
						CreatedOnToolsVersion = 8.0;
						ProvisioningStyle = Automatic;
					};
				};
			};
			buildConfigurationList = 7D4156311DC45BF4006A2DC7 /* Build configuration list for PBXProject "Arrange" */;
			compatibilityVersion = "Xcode 3.2";
			developmentRegion = English;
			hasScannedForEncodings = 0;
			knownRegions = (
				en,
				Base,
			);
			mainGroup = 7D41562D1DC45BF4006A2DC7;
			productRefGroup = 7D4156381DC45BF4006A2DC7 /* Products */;
			projectDirPath = "";
			projectRoot = "";
			targets = (
				7D4156361DC45BF4006A2DC7 /* Arrange */,
				7DF520F11DC46BBC004BC4DD /* ArrangeTests */,
				7DC83BD2210E1BC700853447 /* App */,
			);
		};
/* End PBXProject section */

/* Begin PBXResourcesBuildPhase section */
		7D4156351DC45BF4006A2DC7 /* Resources */ = {
			isa = PBXResourcesBuildPhase;
			buildActionMask = 2147483647;
			files = (
			);
			runOnlyForDeploymentPostprocessing = 0;
		};
		7DC83BD1210E1BC700853447 /* Resources */ = {
			isa = PBXResourcesBuildPhase;
			buildActionMask = 2147483647;
			files = (
				7DC83BE0210E1BC800853447 /* LaunchScreen.storyboard in Resources */,
				7DC83BDD210E1BC800853447 /* Assets.xcassets in Resources */,
			);
			runOnlyForDeploymentPostprocessing = 0;
		};
		7DF520F01DC46BBC004BC4DD /* Resources */ = {
			isa = PBXResourcesBuildPhase;
			buildActionMask = 2147483647;
			files = (
			);
			runOnlyForDeploymentPostprocessing = 0;
		};
/* End PBXResourcesBuildPhase section */

/* Begin PBXSourcesBuildPhase section */
		7D4156321DC45BF4006A2DC7 /* Sources */ = {
			isa = PBXSourcesBuildPhase;
			buildActionMask = 2147483647;
			files = (
				7DFDF2E22120A7E400FEACD6 /* ProgrammaticView.swift in Sources */,
				7DFDF2E42120A8BD00FEACD6 /* SingleViewLayout.swift in Sources */,
				7DFDF2E62120A8DF00FEACD6 /* ViewOrGuide.swift in Sources */,
				7D4156431DC45C54006A2DC7 /* Arrangement.swift in Sources */,
			);
			runOnlyForDeploymentPostprocessing = 0;
		};
		7DC83BCF210E1BC700853447 /* Sources */ = {
			isa = PBXSourcesBuildPhase;
			buildActionMask = 2147483647;
			files = (
				7D0352522120219800F75747 /* TableViewExample.swift in Sources */,
				7D03525421202E5800F75747 /* CenterExample.swift in Sources */,
				7D03525021201B7800F75747 /* LoginViewExample.swift in Sources */,
				7DC83BD8210E1BC800853447 /* MainViewController.swift in Sources */,
				7DC83BD6210E1BC700853447 /* AppDelegate.swift in Sources */,
			);
			runOnlyForDeploymentPostprocessing = 0;
		};
		7DF520EE1DC46BBC004BC4DD /* Sources */ = {
			isa = PBXSourcesBuildPhase;
			buildActionMask = 2147483647;
			files = (
				7DF520F51DC46BBC004BC4DD /* ArrangeTests.swift in Sources */,
			);
			runOnlyForDeploymentPostprocessing = 0;
		};
/* End PBXSourcesBuildPhase section */

/* Begin PBXTargetDependency section */
		7DF520F91DC46BBC004BC4DD /* PBXTargetDependency */ = {
			isa = PBXTargetDependency;
			target = 7D4156361DC45BF4006A2DC7 /* Arrange */;
			targetProxy = 7DF520F81DC46BBC004BC4DD /* PBXContainerItemProxy */;
		};
/* End PBXTargetDependency section */

/* Begin PBXVariantGroup section */
		7DC83BDE210E1BC800853447 /* LaunchScreen.storyboard */ = {
			isa = PBXVariantGroup;
			children = (
				7DC83BDF210E1BC800853447 /* Base */,
			);
			name = LaunchScreen.storyboard;
			sourceTree = "<group>";
		};
/* End PBXVariantGroup section */

/* Begin XCBuildConfiguration section */
		7D41563D1DC45BF4006A2DC7 /* Debug */ = {
			isa = XCBuildConfiguration;
			buildSettings = {
				ALWAYS_SEARCH_USER_PATHS = NO;
				CLANG_ANALYZER_NONNULL = YES;
				CLANG_CXX_LANGUAGE_STANDARD = "gnu++0x";
				CLANG_CXX_LIBRARY = "libc++";
				CLANG_ENABLE_MODULES = YES;
				CLANG_ENABLE_OBJC_ARC = YES;
				CLANG_WARN_BLOCK_CAPTURE_AUTORELEASING = YES;
				CLANG_WARN_BOOL_CONVERSION = YES;
				CLANG_WARN_COMMA = YES;
				CLANG_WARN_CONSTANT_CONVERSION = YES;
				CLANG_WARN_DIRECT_OBJC_ISA_USAGE = YES_ERROR;
				CLANG_WARN_DOCUMENTATION_COMMENTS = YES;
				CLANG_WARN_EMPTY_BODY = YES;
				CLANG_WARN_ENUM_CONVERSION = YES;
				CLANG_WARN_INFINITE_RECURSION = YES;
				CLANG_WARN_INT_CONVERSION = YES;
				CLANG_WARN_NON_LITERAL_NULL_CONVERSION = YES;
				CLANG_WARN_OBJC_LITERAL_CONVERSION = YES;
				CLANG_WARN_OBJC_ROOT_CLASS = YES_ERROR;
				CLANG_WARN_RANGE_LOOP_ANALYSIS = YES;
				CLANG_WARN_STRICT_PROTOTYPES = YES;
				CLANG_WARN_SUSPICIOUS_MOVE = YES;
				CLANG_WARN_SUSPICIOUS_MOVES = YES;
				CLANG_WARN_UNREACHABLE_CODE = YES;
				CLANG_WARN__DUPLICATE_METHOD_MATCH = YES;
				"CODE_SIGN_IDENTITY[sdk=iphoneos*]" = "iPhone Developer";
				COPY_PHASE_STRIP = NO;
				CURRENT_PROJECT_VERSION = 1;
				DEBUG_INFORMATION_FORMAT = dwarf;
				ENABLE_STRICT_OBJC_MSGSEND = YES;
				ENABLE_TESTABILITY = YES;
				GCC_C_LANGUAGE_STANDARD = gnu99;
				GCC_DYNAMIC_NO_PIC = NO;
				GCC_NO_COMMON_BLOCKS = YES;
				GCC_OPTIMIZATION_LEVEL = 0;
				GCC_PREPROCESSOR_DEFINITIONS = (
					"DEBUG=1",
					"$(inherited)",
				);
				GCC_WARN_64_TO_32_BIT_CONVERSION = YES;
				GCC_WARN_ABOUT_RETURN_TYPE = YES_ERROR;
				GCC_WARN_UNDECLARED_SELECTOR = YES;
				GCC_WARN_UNINITIALIZED_AUTOS = YES_AGGRESSIVE;
				GCC_WARN_UNUSED_FUNCTION = YES;
				GCC_WARN_UNUSED_VARIABLE = YES;
				IPHONEOS_DEPLOYMENT_TARGET = 10.0;
				MTL_ENABLE_DEBUG_INFO = YES;
				ONLY_ACTIVE_ARCH = YES;
				SDKROOT = iphoneos;
				SWIFT_ACTIVE_COMPILATION_CONDITIONS = DEBUG;
				SWIFT_OPTIMIZATION_LEVEL = "-Onone";
				TARGETED_DEVICE_FAMILY = "1,2";
				VERSIONING_SYSTEM = "apple-generic";
				VERSION_INFO_PREFIX = "";
			};
			name = Debug;
		};
		7D41563E1DC45BF4006A2DC7 /* Release */ = {
			isa = XCBuildConfiguration;
			buildSettings = {
				ALWAYS_SEARCH_USER_PATHS = NO;
				CLANG_ANALYZER_NONNULL = YES;
				CLANG_CXX_LANGUAGE_STANDARD = "gnu++0x";
				CLANG_CXX_LIBRARY = "libc++";
				CLANG_ENABLE_MODULES = YES;
				CLANG_ENABLE_OBJC_ARC = YES;
				CLANG_WARN_BLOCK_CAPTURE_AUTORELEASING = YES;
				CLANG_WARN_BOOL_CONVERSION = YES;
				CLANG_WARN_COMMA = YES;
				CLANG_WARN_CONSTANT_CONVERSION = YES;
				CLANG_WARN_DIRECT_OBJC_ISA_USAGE = YES_ERROR;
				CLANG_WARN_DOCUMENTATION_COMMENTS = YES;
				CLANG_WARN_EMPTY_BODY = YES;
				CLANG_WARN_ENUM_CONVERSION = YES;
				CLANG_WARN_INFINITE_RECURSION = YES;
				CLANG_WARN_INT_CONVERSION = YES;
				CLANG_WARN_NON_LITERAL_NULL_CONVERSION = YES;
				CLANG_WARN_OBJC_LITERAL_CONVERSION = YES;
				CLANG_WARN_OBJC_ROOT_CLASS = YES_ERROR;
				CLANG_WARN_RANGE_LOOP_ANALYSIS = YES;
				CLANG_WARN_STRICT_PROTOTYPES = YES;
				CLANG_WARN_SUSPICIOUS_MOVE = YES;
				CLANG_WARN_SUSPICIOUS_MOVES = YES;
				CLANG_WARN_UNREACHABLE_CODE = YES;
				CLANG_WARN__DUPLICATE_METHOD_MATCH = YES;
				"CODE_SIGN_IDENTITY[sdk=iphoneos*]" = "iPhone Developer";
				COPY_PHASE_STRIP = NO;
				CURRENT_PROJECT_VERSION = 1;
				DEBUG_INFORMATION_FORMAT = "dwarf-with-dsym";
				ENABLE_NS_ASSERTIONS = NO;
				ENABLE_STRICT_OBJC_MSGSEND = YES;
				GCC_C_LANGUAGE_STANDARD = gnu99;
				GCC_NO_COMMON_BLOCKS = YES;
				GCC_WARN_64_TO_32_BIT_CONVERSION = YES;
				GCC_WARN_ABOUT_RETURN_TYPE = YES_ERROR;
				GCC_WARN_UNDECLARED_SELECTOR = YES;
				GCC_WARN_UNINITIALIZED_AUTOS = YES_AGGRESSIVE;
				GCC_WARN_UNUSED_FUNCTION = YES;
				GCC_WARN_UNUSED_VARIABLE = YES;
				IPHONEOS_DEPLOYMENT_TARGET = 10.0;
				MTL_ENABLE_DEBUG_INFO = NO;
				SDKROOT = iphoneos;
				SWIFT_OPTIMIZATION_LEVEL = "-Owholemodule";
				TARGETED_DEVICE_FAMILY = "1,2";
				VALIDATE_PRODUCT = YES;
				VERSIONING_SYSTEM = "apple-generic";
				VERSION_INFO_PREFIX = "";
			};
			name = Release;
		};
		7D4156401DC45BF4006A2DC7 /* Debug */ = {
			isa = XCBuildConfiguration;
			buildSettings = {
				CLANG_ENABLE_MODULES = YES;
				CODE_SIGN_IDENTITY = "";
				DEFINES_MODULE = YES;
				DYLIB_COMPATIBILITY_VERSION = 1;
				DYLIB_CURRENT_VERSION = 1;
				DYLIB_INSTALL_NAME_BASE = "@rpath";
				INFOPLIST_FILE = Arrange/Info.plist;
				INSTALL_PATH = "$(LOCAL_LIBRARY_DIR)/Frameworks";
				LD_RUNPATH_SEARCH_PATHS = "$(inherited) @executable_path/Frameworks @loader_path/Frameworks";
				PRODUCT_BUNDLE_IDENTIFIER = krzat.Arrange;
				PRODUCT_NAME = "$(TARGET_NAME)";
				SKIP_INSTALL = YES;
				SWIFT_OPTIMIZATION_LEVEL = "-Onone";
				SWIFT_VERSION = 4.0;
			};
			name = Debug;
		};
		7D4156411DC45BF4006A2DC7 /* Release */ = {
			isa = XCBuildConfiguration;
			buildSettings = {
				CLANG_ENABLE_MODULES = YES;
				CODE_SIGN_IDENTITY = "";
				DEFINES_MODULE = YES;
				DYLIB_COMPATIBILITY_VERSION = 1;
				DYLIB_CURRENT_VERSION = 1;
				DYLIB_INSTALL_NAME_BASE = "@rpath";
				INFOPLIST_FILE = Arrange/Info.plist;
				INSTALL_PATH = "$(LOCAL_LIBRARY_DIR)/Frameworks";
				LD_RUNPATH_SEARCH_PATHS = "$(inherited) @executable_path/Frameworks @loader_path/Frameworks";
				PRODUCT_BUNDLE_IDENTIFIER = krzat.Arrange;
				PRODUCT_NAME = "$(TARGET_NAME)";
				SKIP_INSTALL = YES;
				SWIFT_VERSION = 4.0;
			};
			name = Release;
		};
		7DC83BE2210E1BC800853447 /* Debug */ = {
			isa = XCBuildConfiguration;
			buildSettings = {
				ASSETCATALOG_COMPILER_APPICON_NAME = AppIcon;
				CLANG_ANALYZER_NUMBER_OBJECT_CONVERSION = YES_AGGRESSIVE;
				CLANG_CXX_LANGUAGE_STANDARD = "gnu++14";
				CLANG_WARN_BLOCK_CAPTURE_AUTORELEASING = YES;
				CLANG_WARN_COMMA = YES;
				CLANG_WARN_NON_LITERAL_NULL_CONVERSION = YES;
				CLANG_WARN_OBJC_LITERAL_CONVERSION = YES;
				CLANG_WARN_RANGE_LOOP_ANALYSIS = YES;
				CLANG_WARN_STRICT_PROTOTYPES = YES;
				CLANG_WARN_UNGUARDED_AVAILABILITY = YES_AGGRESSIVE;
				CODE_SIGN_IDENTITY = "iPhone Developer";
				CODE_SIGN_STYLE = Automatic;
				GCC_C_LANGUAGE_STANDARD = gnu11;
				INFOPLIST_FILE = App/Info.plist;
				IPHONEOS_DEPLOYMENT_TARGET = 11.2;
				LD_RUNPATH_SEARCH_PATHS = "$(inherited) @executable_path/Frameworks";
				PRODUCT_BUNDLE_IDENTIFIER = dds.App;
				PRODUCT_NAME = "$(TARGET_NAME)";
				SWIFT_VERSION = 4.0;
				TARGETED_DEVICE_FAMILY = "1,2";
			};
			name = Debug;
		};
		7DC83BE3210E1BC800853447 /* Release */ = {
			isa = XCBuildConfiguration;
			buildSettings = {
				ASSETCATALOG_COMPILER_APPICON_NAME = AppIcon;
				CLANG_ANALYZER_NUMBER_OBJECT_CONVERSION = YES_AGGRESSIVE;
				CLANG_CXX_LANGUAGE_STANDARD = "gnu++14";
				CLANG_WARN_BLOCK_CAPTURE_AUTORELEASING = YES;
				CLANG_WARN_COMMA = YES;
				CLANG_WARN_NON_LITERAL_NULL_CONVERSION = YES;
				CLANG_WARN_OBJC_LITERAL_CONVERSION = YES;
				CLANG_WARN_RANGE_LOOP_ANALYSIS = YES;
				CLANG_WARN_STRICT_PROTOTYPES = YES;
				CLANG_WARN_UNGUARDED_AVAILABILITY = YES_AGGRESSIVE;
				CODE_SIGN_IDENTITY = "iPhone Developer";
				CODE_SIGN_STYLE = Automatic;
				GCC_C_LANGUAGE_STANDARD = gnu11;
				INFOPLIST_FILE = App/Info.plist;
				IPHONEOS_DEPLOYMENT_TARGET = 11.2;
				LD_RUNPATH_SEARCH_PATHS = "$(inherited) @executable_path/Frameworks";
				PRODUCT_BUNDLE_IDENTIFIER = dds.App;
				PRODUCT_NAME = "$(TARGET_NAME)";
				SWIFT_VERSION = 4.0;
				TARGETED_DEVICE_FAMILY = "1,2";
			};
			name = Release;
		};
		7DF520FA1DC46BBC004BC4DD /* Debug */ = {
			isa = XCBuildConfiguration;
			buildSettings = {
				INFOPLIST_FILE = ArrangeTests/Info.plist;
				LD_RUNPATH_SEARCH_PATHS = "$(inherited) @executable_path/Frameworks @loader_path/Frameworks";
				PRODUCT_BUNDLE_IDENTIFIER = krzat.ArrangeTests;
				PRODUCT_NAME = "$(TARGET_NAME)";
				SWIFT_VERSION = 3.0;
			};
			name = Debug;
		};
		7DF520FB1DC46BBC004BC4DD /* Release */ = {
			isa = XCBuildConfiguration;
			buildSettings = {
				INFOPLIST_FILE = ArrangeTests/Info.plist;
				LD_RUNPATH_SEARCH_PATHS = "$(inherited) @executable_path/Frameworks @loader_path/Frameworks";
				PRODUCT_BUNDLE_IDENTIFIER = krzat.ArrangeTests;
				PRODUCT_NAME = "$(TARGET_NAME)";
				SWIFT_VERSION = 3.0;
			};
			name = Release;
		};
/* End XCBuildConfiguration section */

/* Begin XCConfigurationList section */
		7D4156311DC45BF4006A2DC7 /* Build configuration list for PBXProject "Arrange" */ = {
			isa = XCConfigurationList;
			buildConfigurations = (
				7D41563D1DC45BF4006A2DC7 /* Debug */,
				7D41563E1DC45BF4006A2DC7 /* Release */,
			);
			defaultConfigurationIsVisible = 0;
			defaultConfigurationName = Release;
		};
		7D41563F1DC45BF4006A2DC7 /* Build configuration list for PBXNativeTarget "Arrange" */ = {
			isa = XCConfigurationList;
			buildConfigurations = (
				7D4156401DC45BF4006A2DC7 /* Debug */,
				7D4156411DC45BF4006A2DC7 /* Release */,
			);
			defaultConfigurationIsVisible = 0;
			defaultConfigurationName = Release;
		};
		7DC83BE4210E1BC800853447 /* Build configuration list for PBXNativeTarget "App" */ = {
			isa = XCConfigurationList;
			buildConfigurations = (
				7DC83BE2210E1BC800853447 /* Debug */,
				7DC83BE3210E1BC800853447 /* Release */,
			);
			defaultConfigurationIsVisible = 0;
			defaultConfigurationName = Release;
		};
		7DF520FC1DC46BBC004BC4DD /* Build configuration list for PBXNativeTarget "ArrangeTests" */ = {
			isa = XCConfigurationList;
			buildConfigurations = (
				7DF520FA1DC46BBC004BC4DD /* Debug */,
				7DF520FB1DC46BBC004BC4DD /* Release */,
			);
			defaultConfigurationIsVisible = 0;
			defaultConfigurationName = Release;
		};
/* End XCConfigurationList section */
	};
	rootObject = 7D41562E1DC45BF4006A2DC7 /* Project object */;
}
